id: cudademo_multiply_const
label: multiply const
category: '[CUDADEMO]'
templates:
  imports: import cudademo
  make: cudademo.multiply_const(${k})
  callbacks:
   - set_k(${k})
parameters:
- id: k
  label: K
  dtype: float
inputs:
- label: in
  domain: cuda
  dtype: float
outputs:
- label: out
  domain: cuda
  dtype: float


file_format: 1
